
Microsoft Visual Studio Solution File, Format Version 12.00
# Visual Studio Version 16
VisualStudioVersion = 16.0.32126.315
MinimumVisualStudioVersion = 10.0.40219.1
Project("{FAE04EC0-301F-11D3-BF4B-00C04F79EFBC}") = "complexnum", "complexnum\complexnum.csproj", "{0BDA5A0E-2088-48EC-89B8-164CDB40A12A}"
EndProject
Global
	GlobalSection(SolutionConfigurationPlatforms) = preSolution
		Debug|Any CPU = Debug|Any CPU
		Release|Any CPU = Release|Any CPU
	EndGlobalSection
	GlobalSection(ProjectConfigurationPlatforms) = postSolution
		{0BDA5A0E-2088-48EC-89B8-164CDB40A12A}.Debug|Any CPU.ActiveCfg = Debug|Any CPU
		{0BDA5A0E-2088-48EC-89B8-164CDB40A12A}.Debug|Any CPU.Build.0 = Debug|Any CPU
		{0BDA5A0E-2088-48EC-89B8-164CDB40A12A}.Release|Any CPU.ActiveCfg = Release|Any CPU
		{0BDA5A0E-2088-48EC-89B8-164CDB40A12A}.Release|Any CPU.Build.0 = Release|Any CPU
	EndGlobalSection
	GlobalSection(SolutionProperties) = preSolution
		HideSolutionNode = FALSE
	EndGlobalSection
	GlobalSection(ExtensibilityGlobals) = postSolution
		SolutionGuid = {88A7B013-E65D-4C00-8A45-0D6E2C0CAFDA}
	EndGlobalSection
EndGlobal
